// !$*UTF8*$!
{
	archiveVersion = 1;
	classes = {
	};
	objectVersion = 46;
	objects = {

/* Begin PBXBuildFile section */
		307BF1381B1E71670044BD8A /* DragNDrop.m in Sources */ = {isa = PBXBuildFile; fileRef = 307BF1371B1E71670044BD8A /* DragNDrop.m */; };
		45B11D131B1DEFD80006C937 /* main.m in Sources */ = {isa = PBXBuildFile; fileRef = 45B11D121B1DEFD80006C937 /* main.m */; };
		45B11D161B1DEFD80006C937 /* AppDelegate.m in Sources */ = {isa = PBXBuildFile; fileRef = 45B11D151B1DEFD80006C937 /* AppDelegate.m */; };
		45B11D1E1B1DEFD80006C937 /* Images.xcassets in Resources */ = {isa = PBXBuildFile; fileRef = 45B11D1D1B1DEFD80006C937 /* Images.xcassets */; };
		45B11D211B1DEFD80006C937 /* LaunchScreen.xib in Resources */ = {isa = PBXBuildFile; fileRef = 45B11D1F1B1DEFD80006C937 /* LaunchScreen.xib */; };
		45B11D2D1B1DEFD90006C937 /* DragNDropExampleTests.m in Sources */ = {isa = PBXBuildFile; fileRef = 45B11D2C1B1DEFD90006C937 /* DragNDropExampleTests.m */; };
		45B11D3E1B1DF2EF0006C937 /* MainViewController.m in Sources */ = {isa = PBXBuildFile; fileRef = 45B11D3C1B1DF2EF0006C937 /* MainViewController.m */; };
		45B11D3F1B1DF2EF0006C937 /* MainViewController.xib in Resources */ = {isa = PBXBuildFile; fileRef = 45B11D3D1B1DF2EF0006C937 /* MainViewController.xib */; };
/* End PBXBuildFile section */

/* Begin PBXContainerItemProxy section */
		45B11D271B1DEFD80006C937 /* PBXContainerItemProxy */ = {
			isa = PBXContainerItemProxy;
			containerPortal = 45B11D051B1DEFD80006C937 /* Project object */;
			proxyType = 1;
			remoteGlobalIDString = 45B11D0C1B1DEFD80006C937;
			remoteInfo = DragNDropExample;
		};
/* End PBXContainerItemProxy section */

/* Begin PBXFileReference section */
		306687111B1E7723008DEABA /* RBSplitViewController.h */ = {isa = PBXFileReference; fileEncoding = 4; lastKnownFileType = sourcecode.c.h; path = RBSplitViewController.h; sourceTree = "<group>"; };
		306687121B1E7723008DEABA /* RBSplitViewController.m */ = {isa = PBXFileReference; fileEncoding = 4; lastKnownFileType = sourcecode.c.objc; path = RBSplitViewController.m; sourceTree = "<group>"; };
		307BF1361B1E71670044BD8A /* DragNDrop.h */ = {isa = PBXFileReference; fileEncoding = 4; lastKnownFileType = sourcecode.c.h; path = DragNDrop.h; sourceTree = "<group>"; };
		307BF1371B1E71670044BD8A /* DragNDrop.m */ = {isa = PBXFileReference; fileEncoding = 4; lastKnownFileType = sourcecode.c.objc; path = DragNDrop.m; sourceTree = "<group>"; };
		45B11D0D1B1DEFD80006C937 /* DragNDropExample.app */ = {isa = PBXFileReference; explicitFileType = wrapper.application; includeInIndex = 0; path = DragNDropExample.app; sourceTree = BUILT_PRODUCTS_DIR; };
		45B11D111B1DEFD80006C937 /* Info.plist */ = {isa = PBXFileReference; lastKnownFileType = text.plist.xml; path = Info.plist; sourceTree = "<group>"; };
		45B11D121B1DEFD80006C937 /* main.m */ = {isa = PBXFileReference; lastKnownFileType = sourcecode.c.objc; path = main.m; sourceTree = "<group>"; };
		45B11D141B1DEFD80006C937 /* AppDelegate.h */ = {isa = PBXFileReference; lastKnownFileType = sourcecode.c.h; path = AppDelegate.h; sourceTree = "<group>"; };
		45B11D151B1DEFD80006C937 /* AppDelegate.m */ = {isa = PBXFileReference; lastKnownFileType = sourcecode.c.objc; path = AppDelegate.m; sourceTree = "<group>"; };
		45B11D1D1B1DEFD80006C937 /* Images.xcassets */ = {isa = PBXFileReference; lastKnownFileType = folder.assetcatalog; path = Images.xcassets; sourceTree = "<group>"; };
		45B11D201B1DEFD80006C937 /* Base */ = {isa = PBXFileReference; lastKnownFileType = file.xib; name = Base; path = Base.lproj/LaunchScreen.xib; sourceTree = "<group>"; };
		45B11D261B1DEFD80006C937 /* DragNDropExampleTests.xctest */ = {isa = PBXFileReference; explicitFileType = wrapper.cfbundle; includeInIndex = 0; path = DragNDropExampleTests.xctest; sourceTree = BUILT_PRODUCTS_DIR; };
		45B11D2B1B1DEFD80006C937 /* Info.plist */ = {isa = PBXFileReference; lastKnownFileType = text.plist.xml; path = Info.plist; sourceTree = "<group>"; };
		45B11D2C1B1DEFD90006C937 /* DragNDropExampleTests.m */ = {isa = PBXFileReference; lastKnownFileType = sourcecode.c.objc; path = DragNDropExampleTests.m; sourceTree = "<group>"; };
		45B11D3B1B1DF2EF0006C937 /* MainViewController.h */ = {isa = PBXFileReference; fileEncoding = 4; lastKnownFileType = sourcecode.c.h; path = MainViewController.h; sourceTree = "<group>"; };
		45B11D3C1B1DF2EF0006C937 /* MainViewController.m */ = {isa = PBXFileReference; fileEncoding = 4; lastKnownFileType = sourcecode.c.objc; path = MainViewController.m; sourceTree = "<group>"; };
		45B11D3D1B1DF2EF0006C937 /* MainViewController.xib */ = {isa = PBXFileReference; fileEncoding = 4; lastKnownFileType = file.xib; path = MainViewController.xib; sourceTree = "<group>"; };
/* End PBXFileReference section */

/* Begin PBXFrameworksBuildPhase section */
		45B11D0A1B1DEFD80006C937 /* Frameworks */ = {
			isa = PBXFrameworksBuildPhase;
			buildActionMask = 2147483647;
			files = (
			);
			runOnlyForDeploymentPostprocessing = 0;
		};
		45B11D231B1DEFD80006C937 /* Frameworks */ = {
			isa = PBXFrameworksBuildPhase;
			buildActionMask = 2147483647;
			files = (
			);
			runOnlyForDeploymentPostprocessing = 0;
		};
/* End PBXFrameworksBuildPhase section */

/* Begin PBXGroup section */
		307BF1391B1E76960044BD8A /* DragNDrop */ = {
			isa = PBXGroup;
			children = (
				306687111B1E7723008DEABA /* RBSplitViewController.h */,
				306687121B1E7723008DEABA /* RBSplitViewController.m */,
				307BF1361B1E71670044BD8A /* DragNDrop.h */,
				307BF1371B1E71670044BD8A /* DragNDrop.m */,
			);
			name = DragNDrop;
			sourceTree = "<group>";
		};
		45B11D041B1DEFD80006C937 = {
			isa = PBXGroup;
			children = (
				45B11D0F1B1DEFD80006C937 /* DragNDropExample */,
				45B11D291B1DEFD80006C937 /* DragNDropExampleTests */,
				45B11D0E1B1DEFD80006C937 /* Products */,
			);
			sourceTree = "<group>";
		};
		45B11D0E1B1DEFD80006C937 /* Products */ = {
			isa = PBXGroup;
			children = (
				45B11D0D1B1DEFD80006C937 /* DragNDropExample.app */,
				45B11D261B1DEFD80006C937 /* DragNDropExampleTests.xctest */,
			);
			name = Products;
			sourceTree = "<group>";
		};
		45B11D0F1B1DEFD80006C937 /* DragNDropExample */ = {
			isa = PBXGroup;
			children = (
				307BF1391B1E76960044BD8A /* DragNDrop */,
				45B11D141B1DEFD80006C937 /* AppDelegate.h */,
				45B11D151B1DEFD80006C937 /* AppDelegate.m */,
				45B11D1D1B1DEFD80006C937 /* Images.xcassets */,
				45B11D1F1B1DEFD80006C937 /* LaunchScreen.xib */,
				45B11D101B1DEFD80006C937 /* Supporting Files */,
				45B11D3B1B1DF2EF0006C937 /* MainViewController.h */,
				45B11D3C1B1DF2EF0006C937 /* MainViewController.m */,
				45B11D3D1B1DF2EF0006C937 /* MainViewController.xib */,
			);
			path = DragNDropExample;
			sourceTree = "<group>";
		};
		45B11D101B1DEFD80006C937 /* Supporting Files */ = {
			isa = PBXGroup;
			children = (
				45B11D111B1DEFD80006C937 /* Info.plist */,
				45B11D121B1DEFD80006C937 /* main.m */,
			);
			name = "Supporting Files";
			sourceTree = "<group>";
		};
		45B11D291B1DEFD80006C937 /* DragNDropExampleTests */ = {
			isa = PBXGroup;
			children = (
				45B11D2C1B1DEFD90006C937 /* DragNDropExampleTests.m */,
				45B11D2A1B1DEFD80006C937 /* Supporting Files */,
			);
			path = DragNDropExampleTests;
			sourceTree = "<group>";
		};
		45B11D2A1B1DEFD80006C937 /* Supporting Files */ = {
			isa = PBXGroup;
			children = (
				45B11D2B1B1DEFD80006C937 /* Info.plist */,
			);
			name = "Supporting Files";
			sourceTree = "<group>";
		};
/* End PBXGroup section */

/* Begin PBXNativeTarget section */
		45B11D0C1B1DEFD80006C937 /* DragNDropExample */ = {
			isa = PBXNativeTarget;
			buildConfigurationList = 45B11D301B1DEFD90006C937 /* Build configuration list for PBXNativeTarget "DragNDropExample" */;
			buildPhases = (
				45B11D091B1DEFD80006C937 /* Sources */,
				45B11D0A1B1DEFD80006C937 /* Frameworks */,
				45B11D0B1B1DEFD80006C937 /* Resources */,
			);
			buildRules = (
			);
			dependencies = (
			);
			name = DragNDropExample;
			productName = DragNDropExample;
			productReference = 45B11D0D1B1DEFD80006C937 /* DragNDropExample.app */;
			productType = "com.apple.product-type.application";
		};
		45B11D251B1DEFD80006C937 /* DragNDropExampleTests */ = {
			isa = PBXNativeTarget;
			buildConfigurationList = 45B11D331B1DEFD90006C937 /* Build configuration list for PBXNativeTarget "DragNDropExampleTests" */;
			buildPhases = (
				45B11D221B1DEFD80006C937 /* Sources */,
				45B11D231B1DEFD80006C937 /* Frameworks */,
				45B11D241B1DEFD80006C937 /* Resources */,
			);
			buildRules = (
			);
			dependencies = (
				45B11D281B1DEFD80006C937 /* PBXTargetDependency */,
			);
			name = DragNDropExampleTests;
			productName = DragNDropExampleTests;
			productReference = 45B11D261B1DEFD80006C937 /* DragNDropExampleTests.xctest */;
			productType = "com.apple.product-type.bundle.unit-test";
		};
/* End PBXNativeTarget section */

/* Begin PBXProject section */
		45B11D051B1DEFD80006C937 /* Project object */ = {
			isa = PBXProject;
			attributes = {
				LastUpgradeCheck = 0630;
				ORGANIZATIONNAME = "Duarte Lopes";
				TargetAttributes = {
					45B11D0C1B1DEFD80006C937 = {
						CreatedOnToolsVersion = 6.3.1;
					};
					45B11D251B1DEFD80006C937 = {
						CreatedOnToolsVersion = 6.3.1;
						TestTargetID = 45B11D0C1B1DEFD80006C937;
					};
				};
			};
			buildConfigurationList = 45B11D081B1DEFD80006C937 /* Build configuration list for PBXProject "DragNDropExample" */;
			compatibilityVersion = "Xcode 3.2";
			developmentRegion = English;
			hasScannedForEncodings = 0;
			knownRegions = (
				en,
				Base,
			);
			mainGroup = 45B11D041B1DEFD80006C937;
			productRefGroup = 45B11D0E1B1DEFD80006C937 /* Products */;
			projectDirPath = "";
			projectRoot = "";
			targets = (
				45B11D0C1B1DEFD80006C937 /* DragNDropExample */,
				45B11D251B1DEFD80006C937 /* DragNDropExampleTests */,
			);
		};
/* End PBXProject section */

/* Begin PBXResourcesBuildPhase section */
		45B11D0B1B1DEFD80006C937 /* Resources */ = {
			isa = PBXResourcesBuildPhase;
			buildActionMask = 2147483647;
			files = (
				45B11D211B1DEFD80006C937 /* LaunchScreen.xib in Resources */,
				45B11D3F1B1DF2EF0006C937 /* MainViewController.xib in Resources */,
				45B11D1E1B1DEFD80006C937 /* Images.xcassets in Resources */,
			);
			runOnlyForDeploymentPostprocessing = 0;
		};
		45B11D241B1DEFD80006C937 /* Resources */ = {
			isa = PBXResourcesBuildPhase;
			buildActionMask = 2147483647;
			files = (
			);
			runOnlyForDeploymentPostprocessing = 0;
		};
/* End PBXResourcesBuildPhase section */

/* Begin PBXSourcesBuildPhase section */
		45B11D091B1DEFD80006C937 /* Sources */ = {
			isa = PBXSourcesBuildPhase;
			buildActionMask = 2147483647;
			files = (
				45B11D161B1DEFD80006C937 /* AppDelegate.m in Sources */,
				45B11D3E1B1DF2EF0006C937 /* MainViewController.m in Sources */,
				45B11D131B1DEFD80006C937 /* main.m in Sources */,
				307BF1381B1E71670044BD8A /* DragNDrop.m in Sources */,
			);
			runOnlyForDeploymentPostprocessing = 0;
		};
		45B11D221B1DEFD80006C937 /* Sources */ = {
			isa = PBXSourcesBuildPhase;
			buildActionMask = 2147483647;
			files = (
				45B11D2D1B1DEFD90006C937 /* DragNDropExampleTests.m in Sources */,
			);
			runOnlyForDeploymentPostprocessing = 0;
		};
/* End PBXSourcesBuildPhase section */

/* Begin PBXTargetDependency section */
		45B11D281B1DEFD80006C937 /* PBXTargetDependency */ = {
			isa = PBXTargetDependency;
			target = 45B11D0C1B1DEFD80006C937 /* DragNDropExample */;
			targetProxy = 45B11D271B1DEFD80006C937 /* PBXContainerItemProxy */;
		};
/* End PBXTargetDependency section */

/* Begin PBXVariantGroup section */
		45B11D1F1B1DEFD80006C937 /* LaunchScreen.xib */ = {
			isa = PBXVariantGroup;
			children = (
				45B11D201B1DEFD80006C937 /* Base */,
			);
			name = LaunchScreen.xib;
			sourceTree = "<group>";
		};
/* End PBXVariantGroup section */

/* Begin XCBuildConfiguration section */
		45B11D2E1B1DEFD90006C937 /* Debug */ = {
			isa = XCBuildConfiguration;
			buildSettings = {
				ALWAYS_SEARCH_USER_PATHS = NO;
				CLANG_CXX_LANGUAGE_STANDARD = "gnu++0x";
				CLANG_CXX_LIBRARY = "libc++";
				CLANG_ENABLE_MODULES = YES;
				CLANG_ENABLE_OBJC_ARC = YES;
				CLANG_WARN_BOOL_CONVERSION = YES;
				CLANG_WARN_CONSTANT_CONVERSION = YES;
				CLANG_WARN_DIRECT_OBJC_ISA_USAGE = YES_ERROR;
				CLANG_WARN_EMPTY_BODY = YES;
				CLANG_WARN_ENUM_CONVERSION = YES;
				CLANG_WARN_INT_CONVERSION = YES;
				CLANG_WARN_OBJC_ROOT_CLASS = YES_ERROR;
				CLANG_WARN_UNREACHABLE_CODE = YES;
				CLANG_WARN__DUPLICATE_METHOD_MATCH = YES;
				"CODE_SIGN_IDENTITY[sdk=iphoneos*]" = "iPhone Developer";
				COPY_PHASE_STRIP = NO;
				DEBUG_INFORMATION_FORMAT = "dwarf-with-dsym";
				ENABLE_STRICT_OBJC_MSGSEND = YES;
				GCC_C_LANGUAGE_STANDARD = gnu99;
				GCC_DYNAMIC_NO_PIC = NO;
				GCC_NO_COMMON_BLOCKS = YES;
				GCC_OPTIMIZATION_LEVEL = 0;
				GCC_PREPROCESSOR_DEFINITIONS = (
					"DEBUG=1",
					"$(inherited)",
				);
				GCC_SYMBOLS_PRIVATE_EXTERN = NO;
				GCC_WARN_64_TO_32_BIT_CONVERSION = YES;
				GCC_WARN_ABOUT_RETURN_TYPE = YES_ERROR;
				GCC_WARN_UNDECLARED_SELECTOR = YES;
				GCC_WARN_UNINITIALIZED_AUTOS = YES_AGGRESSIVE;
				GCC_WARN_UNUSED_FUNCTION = YES;
				GCC_WARN_UNUSED_VARIABLE = YES;
				IPHONEOS_DEPLOYMENT_TARGET = 8.0;
				MTL_ENABLE_DEBUG_INFO = YES;
				ONLY_ACTIVE_ARCH = YES;
				SDKROOT = iphoneos;
				TARGETED_DEVICE_FAMILY = 2;
			};
			name = Debug;
		};
		45B11D2F1B1DEFD90006C937 /* Release */ = {
			isa = XCBuildConfiguration;
			buildSettings = {
				ALWAYS_SEARCH_USER_PATHS = NO;
				CLANG_CXX_LANGUAGE_STANDARD = "gnu++0x";
				CLANG_CXX_LIBRARY = "libc++";
				CLANG_ENABLE_MODULES = YES;
				CLANG_ENABLE_OBJC_ARC = YES;
				CLANG_WARN_BOOL_CONVERSION = YES;
				CLANG_WARN_CONSTANT_CONVERSION = YES;
				CLANG_WARN_DIRECT_OBJC_ISA_USAGE = YES_ERROR;
				CLANG_WARN_EMPTY_BODY = YES;
				CLANG_WARN_ENUM_CONVERSION = YES;
				CLANG_WARN_INT_CONVERSION = YES;
				CLANG_WARN_OBJC_ROOT_CLASS = YES_ERROR;
				CLANG_WARN_UNREACHABLE_CODE = YES;
				CLANG_WARN__DUPLICATE_METHOD_MATCH = YES;
				"CODE_SIGN_IDENTITY[sdk=iphoneos*]" = "iPhone Developer";
				COPY_PHASE_STRIP = NO;
				DEBUG_INFORMATION_FORMAT = "dwarf-with-dsym";
				ENABLE_NS_ASSERTIONS = NO;
				ENABLE_STRICT_OBJC_MSGSEND = YES;
				GCC_C_LANGUAGE_STANDARD = gnu99;
				GCC_NO_COMMON_BLOCKS = YES;
				GCC_WARN_64_TO_32_BIT_CONVERSION = YES;
				GCC_WARN_ABOUT_RETURN_TYPE = YES_ERROR;
				GCC_WARN_UNDECLARED_SELECTOR = YES;
				GCC_WARN_UNINITIALIZED_AUTOS = YES_AGGRESSIVE;
				GCC_WARN_UNUSED_FUNCTION = YES;
				GCC_WARN_UNUSED_VARIABLE = YES;
				IPHONEOS_DEPLOYMENT_TARGET = 8.0;
				MTL_ENABLE_DEBUG_INFO = NO;
				SDKROOT = iphoneos;
				TARGETED_DEVICE_FAMILY = 2;
				VALIDATE_PRODUCT = YES;
			};
			name = Release;
		};
		45B11D311B1DEFD90006C937 /* Debug */ = {
			isa = XCBuildConfiguration;
			buildSettings = {
				ASSETCATALOG_COMPILER_APPICON_NAME = AppIcon;
				INFOPLIST_FILE = DragNDropExample/Info.plist;
				LD_RUNPATH_SEARCH_PATHS = "$(inherited) @executable_path/Frameworks";
				PRODUCT_NAME = "$(TARGET_NAME)";
			};
			name = Debug;
		};
		45B11D321B1DEFD90006C937 /* Release */ = {
			isa = XCBuildConfiguration;
			buildSettings = {
				ASSETCATALOG_COMPILER_APPICON_NAME = AppIcon;
				INFOPLIST_FILE = DragNDropExample/Info.plist;
				LD_RUNPATH_SEARCH_PATHS = "$(inherited) @executable_path/Frameworks";
				PRODUCT_NAME = "$(TARGET_NAME)";
			};
			name = Release;
		};
		45B11D341B1DEFD90006C937 /* Debug */ = {
			isa = XCBuildConfiguration;
			buildSettings = {
				BUNDLE_LOADER = "$(TEST_HOST)";
				FRAMEWORK_SEARCH_PATHS = (
					"$(SDKROOT)/Developer/Library/Frameworks",
					"$(inherited)",
				);
				GCC_PREPROCESSOR_DEFINITIONS = (
					"DEBUG=1",
					"$(inherited)",
				);
				INFOPLIST_FILE = DragNDropExampleTests/Info.plist;
				LD_RUNPATH_SEARCH_PATHS = "$(inherited) @executable_path/Frameworks @loader_path/Frameworks";
				PRODUCT_NAME = "$(TARGET_NAME)";
				TEST_HOST = "$(BUILT_PRODUCTS_DIR)/DragNDropExample.app/DragNDropExample";
			};
			name = Debug;
		};
		45B11D351B1DEFD90006C937 /* Release */ = {
			isa = XCBuildConfiguration;
			buildSettings = {
				BUNDLE_LOADER = "$(TEST_HOST)";
				FRAMEWORK_SEARCH_PATHS = (
					"$(SDKROOT)/Developer/Library/Frameworks",
					"$(inherited)",
				);
				INFOPLIST_FILE = DragNDropExampleTests/Info.plist;
				LD_RUNPATH_SEARCH_PATHS = "$(inherited) @executable_path/Frameworks @loader_path/Frameworks";
				PRODUCT_NAME = "$(TARGET_NAME)";
				TEST_HOST = "$(BUILT_PRODUCTS_DIR)/DragNDropExample.app/DragNDropExample";
			};
			name = Release;
		};
/* End XCBuildConfiguration section */

/* Begin XCConfigurationList section */
		45B11D081B1DEFD80006C937 /* Build configuration list for PBXProject "DragNDropExample" */ = {
			isa = XCConfigurationList;
			buildConfigurations = (
				45B11D2E1B1DEFD90006C937 /* Debug */,
				45B11D2F1B1DEFD90006C937 /* Release */,
			);
			defaultConfigurationIsVisible = 0;
			defaultConfigurationName = Release;
		};
		45B11D301B1DEFD90006C937 /* Build configuration list for PBXNativeTarget "DragNDropExample" */ = {
			isa = XCConfigurationList;
			buildConfigurations = (
				45B11D311B1DEFD90006C937 /* Debug */,
				45B11D321B1DEFD90006C937 /* Release */,
			);
			defaultConfigurationIsVisible = 0;
			defaultConfigurationName = Release;
		};
		45B11D331B1DEFD90006C937 /* Build configuration list for PBXNativeTarget "DragNDropExampleTests" */ = {
			isa = XCConfigurationList;
			buildConfigurations = (
				45B11D341B1DEFD90006C937 /* Debug */,
				45B11D351B1DEFD90006C937 /* Release */,
			);
			defaultConfigurationIsVisible = 0;
			defaultConfigurationName = Release;
		};
/* End XCConfigurationList section */
	};
	rootObject = 45B11D051B1DEFD80006C937 /* Project object */;
}
